// !$*UTF8*$!
{
	archiveVersion = 1;
	classes = {
	};
	objectVersion = 56;
	objects = {

/* Begin PBXBuildFile section */
		32666DFE2998865F00C1F04C /* AppDelegate.swift in Sources */ = {isa = PBXBuildFile; fileRef = 32666DFD2998865F00C1F04C /* AppDelegate.swift */; };
		32666E072998866100C1F04C /* Assets.xcassets in Resources */ = {isa = PBXBuildFile; fileRef = 32666E062998866100C1F04C /* Assets.xcassets */; };
		32666E0A2998866100C1F04C /* LaunchScreen.storyboard in Resources */ = {isa = PBXBuildFile; fileRef = 32666E082998866100C1F04C /* LaunchScreen.storyboard */; };
		32666E13299887B900C1F04C /* GameViewController.swift in Sources */ = {isa = PBXBuildFile; fileRef = 32666E11299887B900C1F04C /* GameViewController.swift */; };
		32666E14299887B900C1F04C /* GameViewController.xib in Resources */ = {isa = PBXBuildFile; fileRef = 32666E12299887B900C1F04C /* GameViewController.xib */; };
		32666E1629988A9D00C1F04C /* Image.xcassets in Resources */ = {isa = PBXBuildFile; fileRef = 32666E1529988A9D00C1F04C /* Image.xcassets */; };
		3F3667DD2999F54B00C0E102 /* RuleViewController.swift in Sources */ = {isa = PBXBuildFile; fileRef = 3F3667DB2999F54B00C0E102 /* RuleViewController.swift */; };
		3F3667DE2999F54B00C0E102 /* RuleViewController.xib in Resources */ = {isa = PBXBuildFile; fileRef = 3F3667DC2999F54B00C0E102 /* RuleViewController.xib */; };
		3F3DC5002998CCEA008F9399 /* ExplainViewController.swift in Sources */ = {isa = PBXBuildFile; fileRef = 3F3DC4FE2998CCEA008F9399 /* ExplainViewController.swift */; };
		3F3DC5012998CCEA008F9399 /* ExplainViewController.xib in Resources */ = {isa = PBXBuildFile; fileRef = 3F3DC4FF2998CCEA008F9399 /* ExplainViewController.xib */; };
		3F3DC5042998CD04008F9399 /* GameOverViewController.swift in Sources */ = {isa = PBXBuildFile; fileRef = 3F3DC5022998CD04008F9399 /* GameOverViewController.swift */; };
		3F3DC5052998CD04008F9399 /* GameOverViewController.xib in Resources */ = {isa = PBXBuildFile; fileRef = 3F3DC5032998CD04008F9399 /* GameOverViewController.xib */; };
/* End PBXBuildFile section */

/* Begin PBXFileReference section */
		32666DFA2998865F00C1F04C /* Tycoon.app */ = {isa = PBXFileReference; explicitFileType = wrapper.application; includeInIndex = 0; path = Tycoon.app; sourceTree = BUILT_PRODUCTS_DIR; };
		32666DFD2998865F00C1F04C /* AppDelegate.swift */ = {isa = PBXFileReference; lastKnownFileType = sourcecode.swift; path = AppDelegate.swift; sourceTree = "<group>"; };
		32666E062998866100C1F04C /* Assets.xcassets */ = {isa = PBXFileReference; lastKnownFileType = folder.assetcatalog; path = Assets.xcassets; sourceTree = "<group>"; };
		32666E092998866100C1F04C /* Base */ = {isa = PBXFileReference; lastKnownFileType = file.storyboard; name = Base; path = Base.lproj/LaunchScreen.storyboard; sourceTree = "<group>"; };
		32666E0B2998866100C1F04C /* Info.plist */ = {isa = PBXFileReference; lastKnownFileType = text.plist.xml; path = Info.plist; sourceTree = "<group>"; };
		32666E11299887B900C1F04C /* GameViewController.swift */ = {isa = PBXFileReference; lastKnownFileType = sourcecode.swift; path = GameViewController.swift; sourceTree = "<group>"; };
		32666E12299887B900C1F04C /* GameViewController.xib */ = {isa = PBXFileReference; lastKnownFileType = file.xib; path = GameViewController.xib; sourceTree = "<group>"; };
		32666E1529988A9D00C1F04C /* Image.xcassets */ = {isa = PBXFileReference; lastKnownFileType = folder.assetcatalog; path = Image.xcassets; sourceTree = "<group>"; };
		3F3667DB2999F54B00C0E102 /* RuleViewController.swift */ = {isa = PBXFileReference; lastKnownFileType = sourcecode.swift; path = RuleViewController.swift; sourceTree = "<group>"; };
		3F3667DC2999F54B00C0E102 /* RuleViewController.xib */ = {isa = PBXFileReference; lastKnownFileType = file.xib; path = RuleViewController.xib; sourceTree = "<group>"; };
		3F3DC4FE2998CCEA008F9399 /* ExplainViewController.swift */ = {isa = PBXFileReference; lastKnownFileType = sourcecode.swift; path = ExplainViewController.swift; sourceTree = "<group>"; };
		3F3DC4FF2998CCEA008F9399 /* ExplainViewController.xib */ = {isa = PBXFileReference; lastKnownFileType = file.xib; path = ExplainViewController.xib; sourceTree = "<group>"; };
		3F3DC5022998CD04008F9399 /* GameOverViewController.swift */ = {isa = PBXFileReference; lastKnownFileType = sourcecode.swift; path = GameOverViewController.swift; sourceTree = "<group>"; };
		3F3DC5032998CD04008F9399 /* GameOverViewController.xib */ = {isa = PBXFileReference; lastKnownFileType = file.xib; path = GameOverViewController.xib; sourceTree = "<group>"; };
/* End PBXFileReference section */

/* Begin PBXFrameworksBuildPhase section */
		32666DF72998865F00C1F04C /* Frameworks */ = {
			isa = PBXFrameworksBuildPhase;
			buildActionMask = 2147483647;
			files = (
			);
			runOnlyForDeploymentPostprocessing = 0;
		};
/* End PBXFrameworksBuildPhase section */

/* Begin PBXGroup section */
		32666DF12998865F00C1F04C = {
			isa = PBXGroup;
			children = (
				32666DFC2998865F00C1F04C /* Tycoon */,
				32666DFB2998865F00C1F04C /* Products */,
			);
			sourceTree = "<group>";
		};
		32666DFB2998865F00C1F04C /* Products */ = {
			isa = PBXGroup;
			children = (
				32666DFA2998865F00C1F04C /* Tycoon.app */,
			);
			name = Products;
			sourceTree = "<group>";
		};
		32666DFC2998865F00C1F04C /* Tycoon */ = {
			isa = PBXGroup;
			children = (
				32666DFD2998865F00C1F04C /* AppDelegate.swift */,
				32666E062998866100C1F04C /* Assets.xcassets */,
				32666E082998866100C1F04C /* LaunchScreen.storyboard */,
				32666E0B2998866100C1F04C /* Info.plist */,
				32666E11299887B900C1F04C /* GameViewController.swift */,
				32666E12299887B900C1F04C /* GameViewController.xib */,
				3F3DC4FE2998CCEA008F9399 /* ExplainViewController.swift */,
				3F3DC4FF2998CCEA008F9399 /* ExplainViewController.xib */,
				3F3DC5022998CD04008F9399 /* GameOverViewController.swift */,
				3F3DC5032998CD04008F9399 /* GameOverViewController.xib */,
				3F3667DB2999F54B00C0E102 /* RuleViewController.swift */,
				3F3667DC2999F54B00C0E102 /* RuleViewController.xib */,
				32666E1529988A9D00C1F04C /* Image.xcassets */,
			);
			path = Tycoon;
			sourceTree = "<group>";
		};
/* End PBXGroup section */

/* Begin PBXNativeTarget section */
		32666DF92998865F00C1F04C /* Tycoon */ = {
			isa = PBXNativeTarget;
			buildConfigurationList = 32666E0E2998866100C1F04C /* Build configuration list for PBXNativeTarget "Tycoon" */;
			buildPhases = (
				32666DF62998865F00C1F04C /* Sources */,
				32666DF72998865F00C1F04C /* Frameworks */,
				32666DF82998865F00C1F04C /* Resources */,
			);
			buildRules = (
			);
			dependencies = (
			);
			name = Tycoon;
			productName = Tycoon;
			productReference = 32666DFA2998865F00C1F04C /* Tycoon.app */;
			productType = "com.apple.product-type.application";
		};
/* End PBXNativeTarget section */

/* Begin PBXProject section */
		32666DF22998865F00C1F04C /* Project object */ = {
			isa = PBXProject;
			attributes = {
				BuildIndependentTargetsInParallel = 1;
				LastSwiftUpdateCheck = 1410;
				LastUpgradeCheck = 1410;
				TargetAttributes = {
					32666DF92998865F00C1F04C = {
						CreatedOnToolsVersion = 14.1;
					};
				};
			};
			buildConfigurationList = 32666DF52998865F00C1F04C /* Build configuration list for PBXProject "Tycoon" */;
			compatibilityVersion = "Xcode 14.0";
			developmentRegion = en;
			hasScannedForEncodings = 0;
			knownRegions = (
				en,
				Base,
			);
			mainGroup = 32666DF12998865F00C1F04C;
			productRefGroup = 32666DFB2998865F00C1F04C /* Products */;
			projectDirPath = "";
			projectRoot = "";
			targets = (
				32666DF92998865F00C1F04C /* Tycoon */,
			);
		};
/* End PBXProject section */

/* Begin PBXResourcesBuildPhase section */
		32666DF82998865F00C1F04C /* Resources */ = {
			isa = PBXResourcesBuildPhase;
			buildActionMask = 2147483647;
			files = (
				3F3DC5052998CD04008F9399 /* GameOverViewController.xib in Resources */,
				3F3DC5012998CCEA008F9399 /* ExplainViewController.xib in Resources */,
				32666E0A2998866100C1F04C /* LaunchScreen.storyboard in Resources */,
				32666E1629988A9D00C1F04C /* Image.xcassets in Resources */,
				3F3667DE2999F54B00C0E102 /* RuleViewController.xib in Resources */,
				32666E14299887B900C1F04C /* GameViewController.xib in Resources */,
				32666E072998866100C1F04C /* Assets.xcassets in Resources */,
			);
			runOnlyForDeploymentPostprocessing = 0;
		};
/* End PBXResourcesBuildPhase section */

/* Begin PBXSourcesBuildPhase section */
		32666DF62998865F00C1F04C /* Sources */ = {
			isa = PBXSourcesBuildPhase;
			buildActionMask = 2147483647;
			files = (
				3F3DC5042998CD04008F9399 /* GameOverViewController.swift in Sources */,
				32666DFE2998865F00C1F04C /* AppDelegate.swift in Sources */,
				3F3667DD2999F54B00C0E102 /* RuleViewController.swift in Sources */,
				3F3DC5002998CCEA008F9399 /* ExplainViewController.swift in Sources */,
				32666E13299887B900C1F04C /* GameViewController.swift in Sources */,
			);
			runOnlyForDeploymentPostprocessing = 0;
		};
/* End PBXSourcesBuildPhase section */

/* Begin PBXVariantGroup section */
		32666E082998866100C1F04C /* LaunchScreen.storyboard */ = {
			isa = PBXVariantGroup;
			children = (
				32666E092998866100C1F04C /* Base */,
			);
			name = LaunchScreen.storyboard;
			sourceTree = "<group>";
		};
/* End PBXVariantGroup section */

/* Begin XCBuildConfiguration section */
		32666E0C2998866100C1F04C /* Debug */ = {
			isa = XCBuildConfiguration;
			buildSettings = {
				ALWAYS_SEARCH_USER_PATHS = NO;
				CLANG_ANALYZER_NONNULL = YES;
				CLANG_ANALYZER_NUMBER_OBJECT_CONVERSION = YES_AGGRESSIVE;
				CLANG_CXX_LANGUAGE_STANDARD = "gnu++20";
				CLANG_ENABLE_MODULES = YES;
				CLANG_ENABLE_OBJC_ARC = YES;
				CLANG_ENABLE_OBJC_WEAK = YES;
				CLANG_WARN_BLOCK_CAPTURE_AUTORELEASING = YES;
				CLANG_WARN_BOOL_CONVERSION = YES;
				CLANG_WARN_COMMA = YES;
				CLANG_WARN_CONSTANT_CONVERSION = YES;
				CLANG_WARN_DEPRECATED_OBJC_IMPLEMENTATIONS = YES;
				CLANG_WARN_DIRECT_OBJC_ISA_USAGE = YES_ERROR;
				CLANG_WARN_DOCUMENTATION_COMMENTS = YES;
				CLANG_WARN_EMPTY_BODY = YES;
				CLANG_WARN_ENUM_CONVERSION = YES;
				CLANG_WARN_INFINITE_RECURSION = YES;
				CLANG_WARN_INT_CONVERSION = YES;
				CLANG_WARN_NON_LITERAL_NULL_CONVERSION = YES;
				CLANG_WARN_OBJC_IMPLICIT_RETAIN_SELF = YES;
				CLANG_WARN_OBJC_LITERAL_CONVERSION = YES;
				CLANG_WARN_OBJC_ROOT_CLASS = YES_ERROR;
				CLANG_WARN_QUOTED_INCLUDE_IN_FRAMEWORK_HEADER = YES;
				CLANG_WARN_RANGE_LOOP_ANALYSIS = YES;
				CLANG_WARN_STRICT_PROTOTYPES = YES;
				CLANG_WARN_SUSPICIOUS_MOVE = YES;
				CLANG_WARN_UNGUARDED_AVAILABILITY = YES_AGGRESSIVE;
				CLANG_WARN_UNREACHABLE_CODE = YES;
				CLANG_WARN__DUPLICATE_METHOD_MATCH = YES;
				COPY_PHASE_STRIP = NO;
				DEBUG_INFORMATION_FORMAT = dwarf;
				ENABLE_STRICT_OBJC_MSGSEND = YES;
				ENABLE_TESTABILITY = YES;
				GCC_C_LANGUAGE_STANDARD = gnu11;
				GCC_DYNAMIC_NO_PIC = NO;
				GCC_NO_COMMON_BLOCKS = YES;
				GCC_OPTIMIZATION_LEVEL = 0;
				GCC_PREPROCESSOR_DEFINITIONS = (
					"DEBUG=1",
					"$(inherited)",
				);
				GCC_WARN_64_TO_32_BIT_CONVERSION = YES;
				GCC_WARN_ABOUT_RETURN_TYPE = YES_ERROR;
				GCC_WARN_UNDECLARED_SELECTOR = YES;
				GCC_WARN_UNINITIALIZED_AUTOS = YES_AGGRESSIVE;
				GCC_WARN_UNUSED_FUNCTION = YES;
				GCC_WARN_UNUSED_VARIABLE = YES;
				IPHONEOS_DEPLOYMENT_TARGET = 16.1;
				MTL_ENABLE_DEBUG_INFO = INCLUDE_SOURCE;
				MTL_FAST_MATH = YES;
				ONLY_ACTIVE_ARCH = YES;
				SDKROOT = iphoneos;
				SWIFT_ACTIVE_COMPILATION_CONDITIONS = DEBUG;
				SWIFT_OPTIMIZATION_LEVEL = "-Onone";
			};
			name = Debug;
		};
		32666E0D2998866100C1F04C /* Release */ = {
			isa = XCBuildConfiguration;
			buildSettings = {
				ALWAYS_SEARCH_USER_PATHS = NO;
				CLANG_ANALYZER_NONNULL = YES;
				CLANG_ANALYZER_NUMBER_OBJECT_CONVERSION = YES_AGGRESSIVE;
				CLANG_CXX_LANGUAGE_STANDARD = "gnu++20";
				CLANG_ENABLE_MODULES = YES;
				CLANG_ENABLE_OBJC_ARC = YES;
				CLANG_ENABLE_OBJC_WEAK = YES;
				CLANG_WARN_BLOCK_CAPTURE_AUTORELEASING = YES;
				CLANG_WARN_BOOL_CONVERSION = YES;
				CLANG_WARN_COMMA = YES;
				CLANG_WARN_CONSTANT_CONVERSION = YES;
				CLANG_WARN_DEPRECATED_OBJC_IMPLEMENTATIONS = YES;
				CLANG_WARN_DIRECT_OBJC_ISA_USAGE = YES_ERROR;
				CLANG_WARN_DOCUMENTATION_COMMENTS = YES;
				CLANG_WARN_EMPTY_BODY = YES;
				CLANG_WARN_ENUM_CONVERSION = YES;
				CLANG_WARN_INFINITE_RECURSION = YES;
				CLANG_WARN_INT_CONVERSION = YES;
				CLANG_WARN_NON_LITERAL_NULL_CONVERSION = YES;
				CLANG_WARN_OBJC_IMPLICIT_RETAIN_SELF = YES;
				CLANG_WARN_OBJC_LITERAL_CONVERSION = YES;
				CLANG_WARN_OBJC_ROOT_CLASS = YES_ERROR;
				CLANG_WARN_QUOTED_INCLUDE_IN_FRAMEWORK_HEADER = YES;
				CLANG_WARN_RANGE_LOOP_ANALYSIS = YES;
				CLANG_WARN_STRICT_PROTOTYPES = YES;
				CLANG_WARN_SUSPICIOUS_MOVE = YES;
				CLANG_WARN_UNGUARDED_AVAILABILITY = YES_AGGRESSIVE;
				CLANG_WARN_UNREACHABLE_CODE = YES;
				CLANG_WARN__DUPLICATE_METHOD_MATCH = YES;
				COPY_PHASE_STRIP = NO;
				DEBUG_INFORMATION_FORMAT = "dwarf-with-dsym";
				ENABLE_NS_ASSERTIONS = NO;
				ENABLE_STRICT_OBJC_MSGSEND = YES;
				GCC_C_LANGUAGE_STANDARD = gnu11;
				GCC_NO_COMMON_BLOCKS = YES;
				GCC_WARN_64_TO_32_BIT_CONVERSION = YES;
				GCC_WARN_ABOUT_RETURN_TYPE = YES_ERROR;
				GCC_WARN_UNDECLARED_SELECTOR = YES;
				GCC_WARN_UNINITIALIZED_AUTOS = YES_AGGRESSIVE;
				GCC_WARN_UNUSED_FUNCTION = YES;
				GCC_WARN_UNUSED_VARIABLE = YES;
				IPHONEOS_DEPLOYMENT_TARGET = 16.1;
				MTL_ENABLE_DEBUG_INFO = NO;
				MTL_FAST_MATH = YES;
				SDKROOT = iphoneos;
				SWIFT_COMPILATION_MODE = wholemodule;
				SWIFT_OPTIMIZATION_LEVEL = "-O";
				VALIDATE_PRODUCT = YES;
			};
			name = Release;
		};
		32666E0F2998866100C1F04C /* Debug */ = {
			isa = XCBuildConfiguration;
			buildSettings = {
				ASSETCATALOG_COMPILER_APPICON_NAME = AppIcon;
				ASSETCATALOG_COMPILER_GLOBAL_ACCENT_COLOR_NAME = AccentColor;
				CODE_SIGN_STYLE = Automatic;
				CURRENT_PROJECT_VERSION = 1;
				DEVELOPMENT_TEAM = 6UWSFQ86Y6;
				GENERATE_INFOPLIST_FILE = YES;
				INFOPLIST_FILE = Tycoon/Info.plist;
				INFOPLIST_KEY_UIApplicationSupportsIndirectInputEvents = YES;
				INFOPLIST_KEY_UILaunchStoryboardName = LaunchScreen;
				INFOPLIST_KEY_UISupportedInterfaceOrientations_iPad = "UIInterfaceOrientationPortrait UIInterfaceOrientationPortraitUpsideDown UIInterfaceOrientationLandscapeLeft UIInterfaceOrientationLandscapeRight";
				INFOPLIST_KEY_UISupportedInterfaceOrientations_iPhone = "UIInterfaceOrientationPortrait UIInterfaceOrientationLandscapeLeft UIInterfaceOrientationLandscapeRight";
				LD_RUNPATH_SEARCH_PATHS = (
					"$(inherited)",
					"@executable_path/Frameworks",
				);
				MARKETING_VERSION = 1.0;
				PRODUCT_BUNDLE_IDENTIFIER = com.withNoobs.Tycoon;
				PRODUCT_NAME = "$(TARGET_NAME)";
				SWIFT_EMIT_LOC_STRINGS = YES;
				SWIFT_VERSION = 5.0;
				TARGETED_DEVICE_FAMILY = "1,2";
			};
			name = Debug;
		};
		32666E102998866100C1F04C /* Release */ = {
			isa = XCBuildConfiguration;
			buildSettings = {
				ASSETCATALOG_COMPILER_APPICON_NAME = AppIcon;
				ASSETCATALOG_COMPILER_GLOBAL_ACCENT_COLOR_NAME = AccentColor;
				CODE_SIGN_STYLE = Automatic;
				CURRENT_PROJECT_VERSION = 1;
				DEVELOPMENT_TEAM = 6UWSFQ86Y6;
				GENERATE_INFOPLIST_FILE = YES;
				INFOPLIST_FILE = Tycoon/Info.plist;
				INFOPLIST_KEY_UIApplicationSupportsIndirectInputEvents = YES;
				INFOPLIST_KEY_UILaunchStoryboardName = LaunchScreen;
				INFOPLIST_KEY_UISupportedInterfaceOrientations_iPad = "UIInterfaceOrientationPortrait UIInterfaceOrientationPortraitUpsideDown UIInterfaceOrientationLandscapeLeft UIInterfaceOrientationLandscapeRight";
				INFOPLIST_KEY_UISupportedInterfaceOrientations_iPhone = "UIInterfaceOrientationPortrait UIInterfaceOrientationLandscapeLeft UIInterfaceOrientationLandscapeRight";
				LD_RUNPATH_SEARCH_PATHS = (
					"$(inherited)",
					"@executable_path/Frameworks",
				);
				MARKETING_VERSION = 1.0;
				PRODUCT_BUNDLE_IDENTIFIER = com.withNoobs.Tycoon;
				PRODUCT_NAME = "$(TARGET_NAME)";
				SWIFT_EMIT_LOC_STRINGS = YES;
				SWIFT_VERSION = 5.0;
				TARGETED_DEVICE_FAMILY = "1,2";
			};
			name = Release;
		};
/* End XCBuildConfiguration section */

/* Begin XCConfigurationList section */
		32666DF52998865F00C1F04C /* Build configuration list for PBXProject "Tycoon" */ = {
			isa = XCConfigurationList;
			buildConfigurations = (
				32666E0C2998866100C1F04C /* Debug */,
				32666E0D2998866100C1F04C /* Release */,
			);
			defaultConfigurationIsVisible = 0;
			defaultConfigurationName = Release;
		};
		32666E0E2998866100C1F04C /* Build configuration list for PBXNativeTarget "Tycoon" */ = {
			isa = XCConfigurationList;
			buildConfigurations = (
				32666E0F2998866100C1F04C /* Debug */,
				32666E102998866100C1F04C /* Release */,
			);
			defaultConfigurationIsVisible = 0;
			defaultConfigurationName = Release;
		};
/* End XCConfigurationList section */
	};
	rootObject = 32666DF22998865F00C1F04C /* Project object */;
}
